lockfileVersion: '6.0'

settings:
  autoInstallPeers: true
  excludeLinksFromLockfile: false

devDependencies:
  '@types/tampermonkey':
    specifier: ^5.0.2
    version: 5.0.2

packages:

  /@types/tampermonkey@5.0.2:
    resolution: {integrity: sha512-keKnYemqWts68wO2+TBdEg84iQd5vymK5SEQGxitI9uOfOnjm/ZskBoK9ZH3mnSYp79HidZMA/Y7ODQtiA/VIg==}
    dev: true
